// !$*UTF8*$!
{
	archiveVersion = 1;
	classes = {
	};
	objectVersion = 56;
	objects = {

/* Begin PBXBuildFile section */
		A2054BEC2A78B93200DA4959 /* MovieService.swift in Sources */ = {isa = PBXBuildFile; fileRef = A2054BEB2A78B93200DA4959 /* MovieService.swift */; };
		A2054BEE2A78BE5700DA4959 /* Utils.swift in Sources */ = {isa = PBXBuildFile; fileRef = A2054BED2A78BE5700DA4959 /* Utils.swift */; };
		A2054BF02A78C6D600DA4959 /* TMDBService.swift in Sources */ = {isa = PBXBuildFile; fileRef = A2054BEF2A78C6D600DA4959 /* TMDBService.swift */; };
		A2054BF32A78E82000DA4959 /* ImageLoader.swift in Sources */ = {isa = PBXBuildFile; fileRef = A2054BF22A78E82000DA4959 /* ImageLoader.swift */; };
		A2054BF72A78FEEB00DA4959 /* search_movies.json in Resources */ = {isa = PBXBuildFile; fileRef = A2054BF42A78FEEB00DA4959 /* search_movies.json */; };
		A2054BF82A78FEEB00DA4959 /* movie_details.json in Resources */ = {isa = PBXBuildFile; fileRef = A2054BF52A78FEEB00DA4959 /* movie_details.json */; };
		A2054BF92A78FEEB00DA4959 /* movie_list.json in Resources */ = {isa = PBXBuildFile; fileRef = A2054BF62A78FEEB00DA4959 /* movie_list.json */; };
		A26078F52A77CA3B00210F28 /* MovieApp.swift in Sources */ = {isa = PBXBuildFile; fileRef = A26078F42A77CA3B00210F28 /* MovieApp.swift */; };
		A26078F72A77CA3B00210F28 /* ContentView.swift in Sources */ = {isa = PBXBuildFile; fileRef = A26078F62A77CA3B00210F28 /* ContentView.swift */; };
		A26078F92A77CA3C00210F28 /* Assets.xcassets in Resources */ = {isa = PBXBuildFile; fileRef = A26078F82A77CA3C00210F28 /* Assets.xcassets */; };
		A26078FC2A77CA3C00210F28 /* Preview Assets.xcassets in Resources */ = {isa = PBXBuildFile; fileRef = A26078FB2A77CA3C00210F28 /* Preview Assets.xcassets */; };
		A26079042A77CAB100210F28 /* MovieRow.swift in Sources */ = {isa = PBXBuildFile; fileRef = A26079032A77CAB100210F28 /* MovieRow.swift */; };
		A26079072A77CC9700210F28 /* Movie.swift in Sources */ = {isa = PBXBuildFile; fileRef = A26079062A77CC9700210F28 /* Movie.swift */; };
		A26079092A77CE2900210F28 /* MovieData.swift in Sources */ = {isa = PBXBuildFile; fileRef = A26079082A77CE2900210F28 /* MovieData.swift */; };
/* End PBXBuildFile section */

/* Begin PBXFileReference section */
		A2054BEB2A78B93200DA4959 /* MovieService.swift */ = {isa = PBXFileReference; lastKnownFileType = sourcecode.swift; path = MovieService.swift; sourceTree = "<group>"; };
		A2054BED2A78BE5700DA4959 /* Utils.swift */ = {isa = PBXFileReference; lastKnownFileType = sourcecode.swift; path = Utils.swift; sourceTree = "<group>"; };
		A2054BEF2A78C6D600DA4959 /* TMDBService.swift */ = {isa = PBXFileReference; lastKnownFileType = sourcecode.swift; path = TMDBService.swift; sourceTree = "<group>"; };
		A2054BF22A78E82000DA4959 /* ImageLoader.swift */ = {isa = PBXFileReference; lastKnownFileType = sourcecode.swift; path = ImageLoader.swift; sourceTree = "<group>"; };
		A2054BF42A78FEEB00DA4959 /* search_movies.json */ = {isa = PBXFileReference; fileEncoding = 4; lastKnownFileType = text.json; path = search_movies.json; sourceTree = "<group>"; };
		A2054BF52A78FEEB00DA4959 /* movie_details.json */ = {isa = PBXFileReference; fileEncoding = 4; lastKnownFileType = text.json; path = movie_details.json; sourceTree = "<group>"; };
		A2054BF62A78FEEB00DA4959 /* movie_list.json */ = {isa = PBXFileReference; fileEncoding = 4; lastKnownFileType = text.json; path = movie_list.json; sourceTree = "<group>"; };
		A26078F12A77CA3B00210F28 /* MovieApp.app */ = {isa = PBXFileReference; explicitFileType = wrapper.application; includeInIndex = 0; path = MovieApp.app; sourceTree = BUILT_PRODUCTS_DIR; };
		A26078F42A77CA3B00210F28 /* MovieApp.swift */ = {isa = PBXFileReference; lastKnownFileType = sourcecode.swift; path = MovieApp.swift; sourceTree = "<group>"; };
		A26078F62A77CA3B00210F28 /* ContentView.swift */ = {isa = PBXFileReference; lastKnownFileType = sourcecode.swift; path = ContentView.swift; sourceTree = "<group>"; };
		A26078F82A77CA3C00210F28 /* Assets.xcassets */ = {isa = PBXFileReference; lastKnownFileType = folder.assetcatalog; path = Assets.xcassets; sourceTree = "<group>"; };
		A26078FB2A77CA3C00210F28 /* Preview Assets.xcassets */ = {isa = PBXFileReference; lastKnownFileType = folder.assetcatalog; path = "Preview Assets.xcassets"; sourceTree = "<group>"; };
		A26079032A77CAB100210F28 /* MovieRow.swift */ = {isa = PBXFileReference; lastKnownFileType = sourcecode.swift; path = MovieRow.swift; sourceTree = "<group>"; };
		A26079062A77CC9700210F28 /* Movie.swift */ = {isa = PBXFileReference; lastKnownFileType = sourcecode.swift; path = Movie.swift; sourceTree = "<group>"; };
		A26079082A77CE2900210F28 /* MovieData.swift */ = {isa = PBXFileReference; lastKnownFileType = sourcecode.swift; path = MovieData.swift; sourceTree = "<group>"; };
/* End PBXFileReference section */

/* Begin PBXFrameworksBuildPhase section */
		A26078EE2A77CA3B00210F28 /* Frameworks */ = {
			isa = PBXFrameworksBuildPhase;
			buildActionMask = 2147483647;
			files = (
			);
			runOnlyForDeploymentPostprocessing = 0;
		};
/* End PBXFrameworksBuildPhase section */

/* Begin PBXGroup section */
		A2054BE92A78B6F500DA4959 /* Resources */ = {
			isa = PBXGroup;
			children = (
				A2054BF52A78FEEB00DA4959 /* movie_details.json */,
				A2054BF62A78FEEB00DA4959 /* movie_list.json */,
				A2054BF42A78FEEB00DA4959 /* search_movies.json */,
			);
			path = Resources;
			sourceTree = "<group>";
		};
		A2054BEA2A78B90D00DA4959 /* Services */ = {
			isa = PBXGroup;
			children = (
				A2054BEB2A78B93200DA4959 /* MovieService.swift */,
				A2054BEF2A78C6D600DA4959 /* TMDBService.swift */,
			);
			path = Services;
			sourceTree = "<group>";
		};
		A2054BF12A78E69400DA4959 /* Bindings */ = {
			isa = PBXGroup;
			children = (
				A2054BF22A78E82000DA4959 /* ImageLoader.swift */,
			);
			path = Bindings;
			sourceTree = "<group>";
		};
		A26078E82A77CA3B00210F28 = {
			isa = PBXGroup;
			children = (
				A26078F32A77CA3B00210F28 /* MovieApp */,
				A26078F22A77CA3B00210F28 /* Products */,
			);
			sourceTree = "<group>";
		};
		A26078F22A77CA3B00210F28 /* Products */ = {
			isa = PBXGroup;
			children = (
				A26078F12A77CA3B00210F28 /* MovieApp.app */,
			);
			name = Products;
			sourceTree = "<group>";
		};
		A26078F32A77CA3B00210F28 /* MovieApp */ = {
			isa = PBXGroup;
			children = (
				A2054BF12A78E69400DA4959 /* Bindings */,
				A2054BEA2A78B90D00DA4959 /* Services */,
				A2054BE92A78B6F500DA4959 /* Resources */,
				A26079052A77CC7800210F28 /* Model */,
				A26079022A77CAA000210F28 /* Views */,
				A26078F42A77CA3B00210F28 /* MovieApp.swift */,
				A26078F62A77CA3B00210F28 /* ContentView.swift */,
				A26078F82A77CA3C00210F28 /* Assets.xcassets */,
				A26078FA2A77CA3C00210F28 /* Preview Content */,
				A2054BED2A78BE5700DA4959 /* Utils.swift */,
			);
			path = MovieApp;
			sourceTree = "<group>";
		};
		A26078FA2A77CA3C00210F28 /* Preview Content */ = {
			isa = PBXGroup;
			children = (
				A26078FB2A77CA3C00210F28 /* Preview Assets.xcassets */,
			);
			path = "Preview Content";
			sourceTree = "<group>";
		};
		A26079022A77CAA000210F28 /* Views */ = {
			isa = PBXGroup;
			children = (
				A26079032A77CAB100210F28 /* MovieRow.swift */,
			);
			path = Views;
			sourceTree = "<group>";
		};
		A26079052A77CC7800210F28 /* Model */ = {
			isa = PBXGroup;
			children = (
				A26079062A77CC9700210F28 /* Movie.swift */,
				A26079082A77CE2900210F28 /* MovieData.swift */,
			);
			path = Model;
			sourceTree = "<group>";
		};
/* End PBXGroup section */

/* Begin PBXNativeTarget section */
		A26078F02A77CA3B00210F28 /* MovieApp */ = {
			isa = PBXNativeTarget;
			buildConfigurationList = A26078FF2A77CA3C00210F28 /* Build configuration list for PBXNativeTarget "MovieApp" */;
			buildPhases = (
				A26078ED2A77CA3B00210F28 /* Sources */,
				A26078EE2A77CA3B00210F28 /* Frameworks */,
				A26078EF2A77CA3B00210F28 /* Resources */,
			);
			buildRules = (
			);
			dependencies = (
			);
			name = MovieApp;
			productName = MovieApp;
			productReference = A26078F12A77CA3B00210F28 /* MovieApp.app */;
			productType = "com.apple.product-type.application";
		};
/* End PBXNativeTarget section */

/* Begin PBXProject section */
		A26078E92A77CA3B00210F28 /* Project object */ = {
			isa = PBXProject;
			attributes = {
				BuildIndependentTargetsInParallel = 1;
				LastSwiftUpdateCheck = 1430;
				LastUpgradeCheck = 1430;
				TargetAttributes = {
					A26078F02A77CA3B00210F28 = {
						CreatedOnToolsVersion = 14.3.1;
					};
				};
			};
			buildConfigurationList = A26078EC2A77CA3B00210F28 /* Build configuration list for PBXProject "MovieApp" */;
			compatibilityVersion = "Xcode 14.0";
			developmentRegion = en;
			hasScannedForEncodings = 0;
			knownRegions = (
				en,
				Base,
			);
			mainGroup = A26078E82A77CA3B00210F28;
			productRefGroup = A26078F22A77CA3B00210F28 /* Products */;
			projectDirPath = "";
			projectRoot = "";
			targets = (
				A26078F02A77CA3B00210F28 /* MovieApp */,
			);
		};
/* End PBXProject section */

/* Begin PBXResourcesBuildPhase section */
		A26078EF2A77CA3B00210F28 /* Resources */ = {
			isa = PBXResourcesBuildPhase;
			buildActionMask = 2147483647;
			files = (
				A2054BF72A78FEEB00DA4959 /* search_movies.json in Resources */,
				A26078FC2A77CA3C00210F28 /* Preview Assets.xcassets in Resources */,
				A26078F92A77CA3C00210F28 /* Assets.xcassets in Resources */,
				A2054BF92A78FEEB00DA4959 /* movie_list.json in Resources */,
				A2054BF82A78FEEB00DA4959 /* movie_details.json in Resources */,
			);
			runOnlyForDeploymentPostprocessing = 0;
		};
/* End PBXResourcesBuildPhase section */

/* Begin PBXSourcesBuildPhase section */
		A26078ED2A77CA3B00210F28 /* Sources */ = {
			isa = PBXSourcesBuildPhase;
			buildActionMask = 2147483647;
			files = (
				A2054BEC2A78B93200DA4959 /* MovieService.swift in Sources */,
				A26078F72A77CA3B00210F28 /* ContentView.swift in Sources */,
				A26079042A77CAB100210F28 /* MovieRow.swift in Sources */,
				A26079092A77CE2900210F28 /* MovieData.swift in Sources */,
				A2054BF02A78C6D600DA4959 /* TMDBService.swift in Sources */,
				A2054BF32A78E82000DA4959 /* ImageLoader.swift in Sources */,
				A2054BEE2A78BE5700DA4959 /* Utils.swift in Sources */,
				A26079072A77CC9700210F28 /* Movie.swift in Sources */,
				A26078F52A77CA3B00210F28 /* MovieApp.swift in Sources */,
			);
			runOnlyForDeploymentPostprocessing = 0;
		};
/* End PBXSourcesBuildPhase section */

/* Begin XCBuildConfiguration section */
		A26078FD2A77CA3C00210F28 /* Debug */ = {
			isa = XCBuildConfiguration;
			buildSettings = {
				ALWAYS_SEARCH_USER_PATHS = NO;
				CLANG_ANALYZER_NONNULL = YES;
				CLANG_ANALYZER_NUMBER_OBJECT_CONVERSION = YES_AGGRESSIVE;
				CLANG_CXX_LANGUAGE_STANDARD = "gnu++20";
				CLANG_ENABLE_MODULES = YES;
				CLANG_ENABLE_OBJC_ARC = YES;
				CLANG_ENABLE_OBJC_WEAK = YES;
				CLANG_WARN_BLOCK_CAPTURE_AUTORELEASING = YES;
				CLANG_WARN_BOOL_CONVERSION = YES;
				CLANG_WARN_COMMA = YES;
				CLANG_WARN_CONSTANT_CONVERSION = YES;
				CLANG_WARN_DEPRECATED_OBJC_IMPLEMENTATIONS = YES;
				CLANG_WARN_DIRECT_OBJC_ISA_USAGE = YES_ERROR;
				CLANG_WARN_DOCUMENTATION_COMMENTS = YES;
				CLANG_WARN_EMPTY_BODY = YES;
				CLANG_WARN_ENUM_CONVERSION = YES;
				CLANG_WARN_INFINITE_RECURSION = YES;
				CLANG_WARN_INT_CONVERSION = YES;
				CLANG_WARN_NON_LITERAL_NULL_CONVERSION = YES;
				CLANG_WARN_OBJC_IMPLICIT_RETAIN_SELF = YES;
				CLANG_WARN_OBJC_LITERAL_CONVERSION = YES;
				CLANG_WARN_OBJC_ROOT_CLASS = YES_ERROR;
				CLANG_WARN_QUOTED_INCLUDE_IN_FRAMEWORK_HEADER = YES;
				CLANG_WARN_RANGE_LOOP_ANALYSIS = YES;
				CLANG_WARN_STRICT_PROTOTYPES = YES;
				CLANG_WARN_SUSPICIOUS_MOVE = YES;
				CLANG_WARN_UNGUARDED_AVAILABILITY = YES_AGGRESSIVE;
				CLANG_WARN_UNREACHABLE_CODE = YES;
				CLANG_WARN__DUPLICATE_METHOD_MATCH = YES;
				COPY_PHASE_STRIP = NO;
				DEBUG_INFORMATION_FORMAT = dwarf;
				ENABLE_STRICT_OBJC_MSGSEND = YES;
				ENABLE_TESTABILITY = YES;
				GCC_C_LANGUAGE_STANDARD = gnu11;
				GCC_DYNAMIC_NO_PIC = NO;
				GCC_NO_COMMON_BLOCKS = YES;
				GCC_OPTIMIZATION_LEVEL = 0;
				GCC_PREPROCESSOR_DEFINITIONS = (
					"DEBUG=1",
					"$(inherited)",
				);
				GCC_WARN_64_TO_32_BIT_CONVERSION = YES;
				GCC_WARN_ABOUT_RETURN_TYPE = YES_ERROR;
				GCC_WARN_UNDECLARED_SELECTOR = YES;
				GCC_WARN_UNINITIALIZED_AUTOS = YES_AGGRESSIVE;
				GCC_WARN_UNUSED_FUNCTION = YES;
				GCC_WARN_UNUSED_VARIABLE = YES;
				IPHONEOS_DEPLOYMENT_TARGET = 16.4;
				MTL_ENABLE_DEBUG_INFO = INCLUDE_SOURCE;
				MTL_FAST_MATH = YES;
				ONLY_ACTIVE_ARCH = YES;
				SDKROOT = iphoneos;
				SWIFT_ACTIVE_COMPILATION_CONDITIONS = DEBUG;
				SWIFT_OPTIMIZATION_LEVEL = "-Onone";
			};
			name = Debug;
		};
		A26078FE2A77CA3C00210F28 /* Release */ = {
			isa = XCBuildConfiguration;
			buildSettings = {
				ALWAYS_SEARCH_USER_PATHS = NO;
				CLANG_ANALYZER_NONNULL = YES;
				CLANG_ANALYZER_NUMBER_OBJECT_CONVERSION = YES_AGGRESSIVE;
				CLANG_CXX_LANGUAGE_STANDARD = "gnu++20";
				CLANG_ENABLE_MODULES = YES;
				CLANG_ENABLE_OBJC_ARC = YES;
				CLANG_ENABLE_OBJC_WEAK = YES;
				CLANG_WARN_BLOCK_CAPTURE_AUTORELEASING = YES;
				CLANG_WARN_BOOL_CONVERSION = YES;
				CLANG_WARN_COMMA = YES;
				CLANG_WARN_CONSTANT_CONVERSION = YES;
				CLANG_WARN_DEPRECATED_OBJC_IMPLEMENTATIONS = YES;
				CLANG_WARN_DIRECT_OBJC_ISA_USAGE = YES_ERROR;
				CLANG_WARN_DOCUMENTATION_COMMENTS = YES;
				CLANG_WARN_EMPTY_BODY = YES;
				CLANG_WARN_ENUM_CONVERSION = YES;
				CLANG_WARN_INFINITE_RECURSION = YES;
				CLANG_WARN_INT_CONVERSION = YES;
				CLANG_WARN_NON_LITERAL_NULL_CONVERSION = YES;
				CLANG_WARN_OBJC_IMPLICIT_RETAIN_SELF = YES;
				CLANG_WARN_OBJC_LITERAL_CONVERSION = YES;
				CLANG_WARN_OBJC_ROOT_CLASS = YES_ERROR;
				CLANG_WARN_QUOTED_INCLUDE_IN_FRAMEWORK_HEADER = YES;
				CLANG_WARN_RANGE_LOOP_ANALYSIS = YES;
				CLANG_WARN_STRICT_PROTOTYPES = YES;
				CLANG_WARN_SUSPICIOUS_MOVE = YES;
				CLANG_WARN_UNGUARDED_AVAILABILITY = YES_AGGRESSIVE;
				CLANG_WARN_UNREACHABLE_CODE = YES;
				CLANG_WARN__DUPLICATE_METHOD_MATCH = YES;
				COPY_PHASE_STRIP = NO;
				DEBUG_INFORMATION_FORMAT = "dwarf-with-dsym";
				ENABLE_NS_ASSERTIONS = NO;
				ENABLE_STRICT_OBJC_MSGSEND = YES;
				GCC_C_LANGUAGE_STANDARD = gnu11;
				GCC_NO_COMMON_BLOCKS = YES;
				GCC_WARN_64_TO_32_BIT_CONVERSION = YES;
				GCC_WARN_ABOUT_RETURN_TYPE = YES_ERROR;
				GCC_WARN_UNDECLARED_SELECTOR = YES;
				GCC_WARN_UNINITIALIZED_AUTOS = YES_AGGRESSIVE;
				GCC_WARN_UNUSED_FUNCTION = YES;
				GCC_WARN_UNUSED_VARIABLE = YES;
				IPHONEOS_DEPLOYMENT_TARGET = 16.4;
				MTL_ENABLE_DEBUG_INFO = NO;
				MTL_FAST_MATH = YES;
				SDKROOT = iphoneos;
				SWIFT_COMPILATION_MODE = wholemodule;
				SWIFT_OPTIMIZATION_LEVEL = "-O";
				VALIDATE_PRODUCT = YES;
			};
			name = Release;
		};
		A26079002A77CA3C00210F28 /* Debug */ = {
			isa = XCBuildConfiguration;
			buildSettings = {
				ASSETCATALOG_COMPILER_APPICON_NAME = AppIcon;
				ASSETCATALOG_COMPILER_GLOBAL_ACCENT_COLOR_NAME = AccentColor;
				CODE_SIGN_STYLE = Automatic;
				CURRENT_PROJECT_VERSION = 1;
				DEVELOPMENT_ASSET_PATHS = "\"MovieApp/Preview Content\"";
				ENABLE_PREVIEWS = YES;
				GENERATE_INFOPLIST_FILE = YES;
				INFOPLIST_KEY_UIApplicationSceneManifest_Generation = YES;
				INFOPLIST_KEY_UIApplicationSupportsIndirectInputEvents = YES;
				INFOPLIST_KEY_UILaunchScreen_Generation = YES;
				INFOPLIST_KEY_UISupportedInterfaceOrientations_iPad = "UIInterfaceOrientationPortrait UIInterfaceOrientationPortraitUpsideDown UIInterfaceOrientationLandscapeLeft UIInterfaceOrientationLandscapeRight";
				INFOPLIST_KEY_UISupportedInterfaceOrientations_iPhone = "UIInterfaceOrientationPortrait UIInterfaceOrientationLandscapeLeft UIInterfaceOrientationLandscapeRight";
				LD_RUNPATH_SEARCH_PATHS = (
					"$(inherited)",
					"@executable_path/Frameworks",
				);
				MARKETING_VERSION = 1.0;
				PRODUCT_BUNDLE_IDENTIFIER = rmit.iosDev.MovieApp;
				PRODUCT_NAME = "$(TARGET_NAME)";
				SWIFT_EMIT_LOC_STRINGS = YES;
				SWIFT_VERSION = 5.0;
				TARGETED_DEVICE_FAMILY = "1,2";
			};
			name = Debug;
		};
		A26079012A77CA3C00210F28 /* Release */ = {
			isa = XCBuildConfiguration;
			buildSettings = {
				ASSETCATALOG_COMPILER_APPICON_NAME = AppIcon;
				ASSETCATALOG_COMPILER_GLOBAL_ACCENT_COLOR_NAME = AccentColor;
				CODE_SIGN_STYLE = Automatic;
				CURRENT_PROJECT_VERSION = 1;
				DEVELOPMENT_ASSET_PATHS = "\"MovieApp/Preview Content\"";
				ENABLE_PREVIEWS = YES;
				GENERATE_INFOPLIST_FILE = YES;
				INFOPLIST_KEY_UIApplicationSceneManifest_Generation = YES;
				INFOPLIST_KEY_UIApplicationSupportsIndirectInputEvents = YES;
				INFOPLIST_KEY_UILaunchScreen_Generation = YES;
				INFOPLIST_KEY_UISupportedInterfaceOrientations_iPad = "UIInterfaceOrientationPortrait UIInterfaceOrientationPortraitUpsideDown UIInterfaceOrientationLandscapeLeft UIInterfaceOrientationLandscapeRight";
				INFOPLIST_KEY_UISupportedInterfaceOrientations_iPhone = "UIInterfaceOrientationPortrait UIInterfaceOrientationLandscapeLeft UIInterfaceOrientationLandscapeRight";
				LD_RUNPATH_SEARCH_PATHS = (
					"$(inherited)",
					"@executable_path/Frameworks",
				);
				MARKETING_VERSION = 1.0;
				PRODUCT_BUNDLE_IDENTIFIER = rmit.iosDev.MovieApp;
				PRODUCT_NAME = "$(TARGET_NAME)";
				SWIFT_EMIT_LOC_STRINGS = YES;
				SWIFT_VERSION = 5.0;
				TARGETED_DEVICE_FAMILY = "1,2";
			};
			name = Release;
		};
/* End XCBuildConfiguration section */

/* Begin XCConfigurationList section */
		A26078EC2A77CA3B00210F28 /* Build configuration list for PBXProject "MovieApp" */ = {
			isa = XCConfigurationList;
			buildConfigurations = (
				A26078FD2A77CA3C00210F28 /* Debug */,
				A26078FE2A77CA3C00210F28 /* Release */,
			);
			defaultConfigurationIsVisible = 0;
			defaultConfigurationName = Release;
		};
		A26078FF2A77CA3C00210F28 /* Build configuration list for PBXNativeTarget "MovieApp" */ = {
			isa = XCConfigurationList;
			buildConfigurations = (
				A26079002A77CA3C00210F28 /* Debug */,
				A26079012A77CA3C00210F28 /* Release */,
			);
			defaultConfigurationIsVisible = 0;
			defaultConfigurationName = Release;
		};
/* End XCConfigurationList section */
	};
	rootObject = A26078E92A77CA3B00210F28 /* Project object */;
}
